
Microsoft Visual Studio Solution File, Format Version 12.00
# Visual Studio Version 17
VisualStudioVersion = 17.1.32328.378
MinimumVisualStudioVersion = 10.0.40219.1
Project("{8BC9CEB8-8B4A-11D0-8D11-00A0C91BC942}") = "动态内存分配", "动态内存分配.vcxproj", "{09AD4B22-8E69-4968-940A-7CDE4B4562D8}"
EndProject
Global
	GlobalSection(SolutionConfigurationPlatforms) = preSolution
		Debug|x64 = Debug|x64
		Debug|x86 = Debug|x86
		Release|x64 = Release|x64
		Release|x86 = Release|x86
	EndGlobalSection
	GlobalSection(ProjectConfigurationPlatforms) = postSolution
		{09AD4B22-8E69-4968-940A-7CDE4B4562D8}.Debug|x64.ActiveCfg = Debug|x64
		{09AD4B22-8E69-4968-940A-7CDE4B4562D8}.Debug|x64.Build.0 = Debug|x64
		{09AD4B22-8E69-4968-940A-7CDE4B4562D8}.Debug|x86.ActiveCfg = Debug|Win32
		{09AD4B22-8E69-4968-940A-7CDE4B4562D8}.Debug|x86.Build.0 = Debug|Win32
		{09AD4B22-8E69-4968-940A-7CDE4B4562D8}.Release|x64.ActiveCfg = Release|x64
		{09AD4B22-8E69-4968-940A-7CDE4B4562D8}.Release|x64.Build.0 = Release|x64
		{09AD4B22-8E69-4968-940A-7CDE4B4562D8}.Release|x86.ActiveCfg = Release|Win32
		{09AD4B22-8E69-4968-940A-7CDE4B4562D8}.Release|x86.Build.0 = Release|Win32
	EndGlobalSection
	GlobalSection(SolutionProperties) = preSolution
		HideSolutionNode = FALSE
	EndGlobalSection
	GlobalSection(ExtensibilityGlobals) = postSolution
		SolutionGuid = {647B66EE-1DD8-4684-BA34-9372196DED6A}
	EndGlobalSection
EndGlobal
